
Microsoft Visual Studio Solution File, Format Version 12.00
Project("{FAE04EC0-301F-11D3-BF4B-00C04F79EFBC}") = "QuickList.Domain", "QuickList.Domain\QuickList.Domain.csproj", "{5E21FEFF-094A-4A59-AB0E-011C527A0E80}"
EndProject
Project("{FAE04EC0-301F-11D3-BF4B-00C04F79EFBC}") = "QuickList.Infrastructure", "QuickList.Infrastructure\QuickList.Infrastructure.csproj", "{303CA069-8D37-4FE5-B409-DA0D62114DA9}"
EndProject
Project("{FAE04EC0-301F-11D3-BF4B-00C04F79EFBC}") = "QuickList.Application", "QuickList.Application\QuickList.Application.csproj", "{01EDBAC2-A62F-4F2C-B821-F6F3FC7B11D7}"
EndProject
Project("{FAE04EC0-301F-11D3-BF4B-00C04F79EFBC}") = "QuickList.Client", "QuickList.Client\QuickList.Client.csproj", "{8A7AB106-2AD0-4872-BD11-112FCF8105C0}"
EndProject
Project("{FAE04EC0-301F-11D3-BF4B-00C04F79EFBC}") = "QuickList.Api", "QuickList.Api\QuickList.Api.csproj", "{3F76CA4B-72E9-4BB0-8D81-EC7BC58F0D9D}"
EndProject
Global
	GlobalSection(SolutionConfigurationPlatforms) = preSolution
		Debug|Any CPU = Debug|Any CPU
		Release|Any CPU = Release|Any CPU
	EndGlobalSection
	GlobalSection(ProjectConfigurationPlatforms) = postSolution
		{5E21FEFF-094A-4A59-AB0E-011C527A0E80}.Debug|Any CPU.ActiveCfg = Debug|Any CPU
		{5E21FEFF-094A-4A59-AB0E-011C527A0E80}.Debug|Any CPU.Build.0 = Debug|Any CPU
		{5E21FEFF-094A-4A59-AB0E-011C527A0E80}.Release|Any CPU.ActiveCfg = Release|Any CPU
		{5E21FEFF-094A-4A59-AB0E-011C527A0E80}.Release|Any CPU.Build.0 = Release|Any CPU
		{303CA069-8D37-4FE5-B409-DA0D62114DA9}.Debug|Any CPU.ActiveCfg = Debug|Any CPU
		{303CA069-8D37-4FE5-B409-DA0D62114DA9}.Debug|Any CPU.Build.0 = Debug|Any CPU
		{303CA069-8D37-4FE5-B409-DA0D62114DA9}.Release|Any CPU.ActiveCfg = Release|Any CPU
		{303CA069-8D37-4FE5-B409-DA0D62114DA9}.Release|Any CPU.Build.0 = Release|Any CPU
		{01EDBAC2-A62F-4F2C-B821-F6F3FC7B11D7}.Debug|Any CPU.ActiveCfg = Debug|Any CPU
		{01EDBAC2-A62F-4F2C-B821-F6F3FC7B11D7}.Debug|Any CPU.Build.0 = Debug|Any CPU
		{01EDBAC2-A62F-4F2C-B821-F6F3FC7B11D7}.Release|Any CPU.ActiveCfg = Release|Any CPU
		{01EDBAC2-A62F-4F2C-B821-F6F3FC7B11D7}.Release|Any CPU.Build.0 = Release|Any CPU
		{8A7AB106-2AD0-4872-BD11-112FCF8105C0}.Debug|Any CPU.ActiveCfg = Debug|Any CPU
		{8A7AB106-2AD0-4872-BD11-112FCF8105C0}.Debug|Any CPU.Build.0 = Debug|Any CPU
		{8A7AB106-2AD0-4872-BD11-112FCF8105C0}.Release|Any CPU.ActiveCfg = Release|Any CPU
		{8A7AB106-2AD0-4872-BD11-112FCF8105C0}.Release|Any CPU.Build.0 = Release|Any CPU
		{3F76CA4B-72E9-4BB0-8D81-EC7BC58F0D9D}.Debug|Any CPU.ActiveCfg = Debug|Any CPU
		{3F76CA4B-72E9-4BB0-8D81-EC7BC58F0D9D}.Debug|Any CPU.Build.0 = Debug|Any CPU
		{3F76CA4B-72E9-4BB0-8D81-EC7BC58F0D9D}.Release|Any CPU.ActiveCfg = Release|Any CPU
		{3F76CA4B-72E9-4BB0-8D81-EC7BC58F0D9D}.Release|Any CPU.Build.0 = Release|Any CPU
	EndGlobalSection
EndGlobal
